
Microsoft Visual Studio Solution File, Format Version 12.00
# Visual Studio 15
VisualStudioVersion = 15.0.28307.572
MinimumVisualStudioVersion = 10.0.40219.1
Project("{8BC9CEB8-8B4A-11D0-8D11-00A0C91BC942}") = "LaggyBird", "LaggyBird\LaggyBird.vcxproj", "{8C11B8E4-C2DC-41C0-B6A5-DC4F0AB12A3D}"
EndProject
Project("{2150E333-8FDC-42A3-9474-1A3956D46DE8}") = "common", "common", "{9FBCAF48-FCB6-4205-ACAD-84123859784E}"
EndProject
Project("{2150E333-8FDC-42A3-9474-1A3956D46DE8}") = "libs", "libs", "{AC7DFFF8-8A76-462F-82E2-295D89347A6D}"
EndProject
Project("{8BC9CEB8-8B4A-11D0-8D11-00A0C91BC942}") = "LaggySdk", "..\LaggySdk\LaggySdk\LaggySdk.vcxproj", "{26F606C5-4239-49F0-B3D4-C358526C2325}"
EndProject
Project("{8BC9CEB8-8B4A-11D0-8D11-00A0C91BC942}") = "LaggyDx", "..\LaggyDx\LaggyDx\LaggyDx.vcxproj", "{27FCDF2C-D499-4F8E-A388-494AB948F151}"
EndProject
Project("{8BC9CEB8-8B4A-11D0-8D11-00A0C91BC942}") = "DirectXTK_Desktop_2017_Win10", "..\DirectXTK\DirectXTK_Desktop_2017_Win10.vcxproj", "{E0B52AE7-E160-4D32-BF3F-910B785E5A8E}"
EndProject
Global
	GlobalSection(SolutionConfigurationPlatforms) = preSolution
		Debug|x64 = Debug|x64
		Debug|x86 = Debug|x86
		Release|x64 = Release|x64
		Release|x86 = Release|x86
	EndGlobalSection
	GlobalSection(ProjectConfigurationPlatforms) = postSolution
		{8C11B8E4-C2DC-41C0-B6A5-DC4F0AB12A3D}.Debug|x64.ActiveCfg = Debug|x64
		{8C11B8E4-C2DC-41C0-B6A5-DC4F0AB12A3D}.Debug|x64.Build.0 = Debug|x64
		{8C11B8E4-C2DC-41C0-B6A5-DC4F0AB12A3D}.Debug|x86.ActiveCfg = Debug|Win32
		{8C11B8E4-C2DC-41C0-B6A5-DC4F0AB12A3D}.Debug|x86.Build.0 = Debug|Win32
		{8C11B8E4-C2DC-41C0-B6A5-DC4F0AB12A3D}.Release|x64.ActiveCfg = Release|x64
		{8C11B8E4-C2DC-41C0-B6A5-DC4F0AB12A3D}.Release|x64.Build.0 = Release|x64
		{8C11B8E4-C2DC-41C0-B6A5-DC4F0AB12A3D}.Release|x86.ActiveCfg = Release|Win32
		{8C11B8E4-C2DC-41C0-B6A5-DC4F0AB12A3D}.Release|x86.Build.0 = Release|Win32
		{26F606C5-4239-49F0-B3D4-C358526C2325}.Debug|x64.ActiveCfg = Debug|x64
		{26F606C5-4239-49F0-B3D4-C358526C2325}.Debug|x64.Build.0 = Debug|x64
		{26F606C5-4239-49F0-B3D4-C358526C2325}.Debug|x86.ActiveCfg = Debug|Win32
		{26F606C5-4239-49F0-B3D4-C358526C2325}.Debug|x86.Build.0 = Debug|Win32
		{26F606C5-4239-49F0-B3D4-C358526C2325}.Release|x64.ActiveCfg = Release|x64
		{26F606C5-4239-49F0-B3D4-C358526C2325}.Release|x64.Build.0 = Release|x64
		{26F606C5-4239-49F0-B3D4-C358526C2325}.Release|x86.ActiveCfg = Release|Win32
		{26F606C5-4239-49F0-B3D4-C358526C2325}.Release|x86.Build.0 = Release|Win32
		{27FCDF2C-D499-4F8E-A388-494AB948F151}.Debug|x64.ActiveCfg = Debug|x64
		{27FCDF2C-D499-4F8E-A388-494AB948F151}.Debug|x64.Build.0 = Debug|x64
		{27FCDF2C-D499-4F8E-A388-494AB948F151}.Debug|x86.ActiveCfg = Debug|Win32
		{27FCDF2C-D499-4F8E-A388-494AB948F151}.Debug|x86.Build.0 = Debug|Win32
		{27FCDF2C-D499-4F8E-A388-494AB948F151}.Release|x64.ActiveCfg = Release|x64
		{27FCDF2C-D499-4F8E-A388-494AB948F151}.Release|x64.Build.0 = Release|x64
		{27FCDF2C-D499-4F8E-A388-494AB948F151}.Release|x86.ActiveCfg = Release|Win32
		{27FCDF2C-D499-4F8E-A388-494AB948F151}.Release|x86.Build.0 = Release|Win32
		{E0B52AE7-E160-4D32-BF3F-910B785E5A8E}.Debug|x64.ActiveCfg = Debug|x64
		{E0B52AE7-E160-4D32-BF3F-910B785E5A8E}.Debug|x64.Build.0 = Debug|x64
		{E0B52AE7-E160-4D32-BF3F-910B785E5A8E}.Debug|x86.ActiveCfg = Debug|Win32
		{E0B52AE7-E160-4D32-BF3F-910B785E5A8E}.Debug|x86.Build.0 = Debug|Win32
		{E0B52AE7-E160-4D32-BF3F-910B785E5A8E}.Release|x64.ActiveCfg = Release|x64
		{E0B52AE7-E160-4D32-BF3F-910B785E5A8E}.Release|x64.Build.0 = Release|x64
		{E0B52AE7-E160-4D32-BF3F-910B785E5A8E}.Release|x86.ActiveCfg = Release|Win32
		{E0B52AE7-E160-4D32-BF3F-910B785E5A8E}.Release|x86.Build.0 = Release|Win32
	EndGlobalSection
	GlobalSection(SolutionProperties) = preSolution
		HideSolutionNode = FALSE
	EndGlobalSection
	GlobalSection(NestedProjects) = preSolution
		{8C11B8E4-C2DC-41C0-B6A5-DC4F0AB12A3D} = {9FBCAF48-FCB6-4205-ACAD-84123859784E}
		{26F606C5-4239-49F0-B3D4-C358526C2325} = {AC7DFFF8-8A76-462F-82E2-295D89347A6D}
		{27FCDF2C-D499-4F8E-A388-494AB948F151} = {AC7DFFF8-8A76-462F-82E2-295D89347A6D}
		{E0B52AE7-E160-4D32-BF3F-910B785E5A8E} = {AC7DFFF8-8A76-462F-82E2-295D89347A6D}
	EndGlobalSection
	GlobalSection(ExtensibilityGlobals) = postSolution
		SolutionGuid = {E30ECA81-CAA4-4924-9BF1-EE9B8C8F7D61}
	EndGlobalSection
EndGlobal
