<?xml version="1.0" encoding="utf-8"?>
<Project ToolsVersion="4.0" xmlns="http://schemas.microsoft.com/developer/msbuild/2003">
  <ItemGroup>
    <Filter Include="src">
      <UniqueIdentifier>{b61d6d2d-2073-479b-bf7e-40b173f05f3a}</UniqueIdentifier>
    </Filter>
    <Filter Include="src\Game">
      <UniqueIdentifier>{ff9e393b-9e2f-4f26-99b1-ce0567e3febb}</UniqueIdentifier>
    </Filter>
  </ItemGroup>
  <ItemGroup>
    <ClCompile Include="main.cpp">
      <Filter>src</Filter>
    </ClCompile>
    <ClCompile Include="stdafx.cpp">
      <Filter>src</Filter>
    </ClCompile>
    <ClCompile Include="BirdsGame.cpp">
      <Filter>src\Game</Filter>
    </ClCompile>
    <ClCompile Include="BirdGame_actions.cpp">
      <Filter>src\Game</Filter>
    </ClCompile>
    <ClCompile Include="BirdGame_gui.cpp">
      <Filter>src\Game</Filter>
    </ClCompile>
  </ItemGroup>
  <ItemGroup>
    <ClInclude Include="stdafx.h">
      <Filter>src</Filter>
    </ClInclude>
    <ClInclude Include="BirdsGame.h">
      <Filter>src\Game</Filter>
    </ClInclude>
    <ClInclude Include="Adjacency.h">
      <Filter>src\Game</Filter>
    </ClInclude>
    <ClInclude Include="Settings.h">
      <Filter>src\Game</Filter>
    </ClInclude>
  </ItemGroup>
</Project>